
Microsoft Visual Studio Solution File, Format Version 12.00
# Visual Studio Version 17
VisualStudioVersion = 17.8.34525.116
MinimumVisualStudioVersion = 10.0.40219.1
Project("{8BC9CEB8-8B4A-11D0-8D11-00A0C91BC942}") = "UrlParser", "UrlParser.vcxproj", "{35450EC3-A4FF-4E43-8061-4AAD8AA70396}"
EndProject
Project("{8BC9CEB8-8B4A-11D0-8D11-00A0C91BC942}") = "UrlParser_tests", "..\UrlParser_tests\UrlParser_tests.vcxproj", "{94B7C4A3-07B9-40FB-8465-AC75E807C02D}"
EndProject
Global
	GlobalSection(SolutionConfigurationPlatforms) = preSolution
		Debug|x64 = Debug|x64
		Debug|x86 = Debug|x86
		Release|x64 = Release|x64
		Release|x86 = Release|x86
	EndGlobalSection
	GlobalSection(ProjectConfigurationPlatforms) = postSolution
		{35450EC3-A4FF-4E43-8061-4AAD8AA70396}.Debug|x64.ActiveCfg = Debug|x64
		{35450EC3-A4FF-4E43-8061-4AAD8AA70396}.Debug|x64.Build.0 = Debug|x64
		{35450EC3-A4FF-4E43-8061-4AAD8AA70396}.Debug|x86.ActiveCfg = Debug|Win32
		{35450EC3-A4FF-4E43-8061-4AAD8AA70396}.Debug|x86.Build.0 = Debug|Win32
		{35450EC3-A4FF-4E43-8061-4AAD8AA70396}.Release|x64.ActiveCfg = Release|x64
		{35450EC3-A4FF-4E43-8061-4AAD8AA70396}.Release|x64.Build.0 = Release|x64
		{35450EC3-A4FF-4E43-8061-4AAD8AA70396}.Release|x86.ActiveCfg = Release|Win32
		{35450EC3-A4FF-4E43-8061-4AAD8AA70396}.Release|x86.Build.0 = Release|Win32
		{94B7C4A3-07B9-40FB-8465-AC75E807C02D}.Debug|x64.ActiveCfg = Debug|x64
		{94B7C4A3-07B9-40FB-8465-AC75E807C02D}.Debug|x64.Build.0 = Debug|x64
		{94B7C4A3-07B9-40FB-8465-AC75E807C02D}.Debug|x86.ActiveCfg = Debug|Win32
		{94B7C4A3-07B9-40FB-8465-AC75E807C02D}.Debug|x86.Build.0 = Debug|Win32
		{94B7C4A3-07B9-40FB-8465-AC75E807C02D}.Release|x64.ActiveCfg = Release|x64
		{94B7C4A3-07B9-40FB-8465-AC75E807C02D}.Release|x64.Build.0 = Release|x64
		{94B7C4A3-07B9-40FB-8465-AC75E807C02D}.Release|x86.ActiveCfg = Release|Win32
		{94B7C4A3-07B9-40FB-8465-AC75E807C02D}.Release|x86.Build.0 = Release|Win32
	EndGlobalSection
	GlobalSection(SolutionProperties) = preSolution
		HideSolutionNode = FALSE
	EndGlobalSection
	GlobalSection(ExtensibilityGlobals) = postSolution
		SolutionGuid = {B3DAAA66-DC40-4738-B187-304ADF2C9EB4}
	EndGlobalSection
EndGlobal
